[[tools.aqua]]
version = "2.55.0"
backend = "ubi:aquaproj/aqua"

[tools.aqua.platforms.linux-x64-aqua]
checksum = "blake3:221287e073197c476537a6852ce656fdbed4fc0e0729f5ece00ecc6cf920fe1a"

[tools.aqua.platforms.macos-arm64-aqua]
checksum = "blake3:595b1f3719b9f8fdc86b7c5b019fa443e54a8961f2577fe3a619439326f8facf"

[[tools."aqua:BurntSushi/ripgrep"]]
version = "15.0.0"
backend = "aqua:BurntSushi/ripgrep"

[tools."aqua:BurntSushi/ripgrep".platforms.linux-x64]
checksum = "sha256:253ad0fd5fef0d64cba56c70dccdacc1916d4ed70ad057cc525fcdb0c3bbd2a7"
size = 2262100
url = "https://github.com/BurntSushi/ripgrep/releases/download/15.0.0/ripgrep-15.0.0-x86_64-unknown-linux-musl.tar.gz"

[[tools."aqua:ajeetdsouza/zoxide"]]
version = "0.9.8"
backend = "aqua:ajeetdsouza/zoxide"

[[tools."aqua:astral-sh/uv"]]
version = "0.9.4"
backend = "aqua:astral-sh/uv"

[tools."aqua:astral-sh/uv".platforms.linux-x64]
checksum = "sha256:89c128a9bb7a0086cc35922401c20099337db84294c7997dd3df79b9f3157c45"
size = 21562650
url = "https://github.com/astral-sh/uv/releases/download/0.9.4/uv-x86_64-unknown-linux-musl.tar.gz"

[[tools."aqua:cargo-bins/cargo-binstall"]]
version = "1.15.7"
backend = "aqua:cargo-bins/cargo-binstall"

[tools."aqua:cargo-bins/cargo-binstall".platforms.linux-x64]
checksum = "blake3:43c50bfc80bfe55dffeedfae7c43b34121b4fe2aa223b0ced25fa9bbb5f87595"
size = 6756326
url = "https://github.com/cargo-bins/cargo-binstall/releases/download/v1.15.7/cargo-binstall-x86_64-unknown-linux-musl.tgz"

[[tools."aqua:cli/cli"]]
version = "2.82.0"
backend = "aqua:cli/cli"

[tools."aqua:cli/cli".platforms.linux-x64]
checksum = "sha256:aba32dd552112101464941c7b5ee5f097896e1e234eb99581ff1652f44c4009a"
size = 18085983
url = "https://github.com/cli/cli/releases/download/v2.82.0/gh_2.82.0_linux_amd64.tar.gz"

[[tools."aqua:golangci/golangci-lint"]]
version = "2.5.0"
backend = "aqua:golangci/golangci-lint"

[[tools."aqua:hadolint/hadolint"]]
version = "2.14.0"
backend = "aqua:hadolint/hadolint"

[tools."aqua:hadolint/hadolint".platforms.linux-x64]
checksum = "sha256:6bf226944684f56c84dd014e8b979d27425c0148f61b3bd99bcc6f39e9dc5a47"
size = 54727336
url = "https://github.com/hadolint/hadolint/releases/download/v2.14.0/hadolint-linux-x86_64"

[[tools."aqua:jesseduffield/lazygit"]]
version = "0.55.1"
backend = "aqua:jesseduffield/lazygit"

[[tools."aqua:joerdav/xc"]]
version = "0.8.6"
backend = "aqua:joerdav/xc"

[[tools."aqua:jqlang/jq"]]
version = "1.8.1"
backend = "aqua:jqlang/jq"

[[tools."aqua:junegunn/fzf"]]
version = "0.66.0"
backend = "aqua:junegunn/fzf"

[tools."aqua:junegunn/fzf".platforms.linux-x64]
checksum = "sha256:362d5f92187560a87338b427dbe573d1e1bf8b4fb4bab1f44aca6a8f7fe8070f"
size = 1799208
url = "https://github.com/junegunn/fzf/releases/download/v0.66.0/fzf-0.66.0-linux_amd64.tar.gz"

[[tools."aqua:sharkdp/fd"]]
version = "10.3.0"
backend = "aqua:sharkdp/fd"

[[tools."aqua:sigstore/cosign"]]
version = "3.0.2"
backend = "aqua:sigstore/cosign"

[tools."aqua:sigstore/cosign".platforms.linux-x64]
checksum = "sha256:46dbdcb5467a3dfec2526923d0b3365e40c8d9dc00ec23d5aca3437449e8cbfd"
size = 156288179
url = "https://github.com/sigstore/cosign/releases/download/v3.0.2/cosign-linux-amd64"

[[tools."aqua:starship/starship"]]
version = "1.23.0"
backend = "aqua:starship/starship"

[[tools."aqua:tree-sitter/tree-sitter"]]
version = "0.25.10"
backend = "aqua:tree-sitter/tree-sitter"

[[tools."aqua:x-motemen/ghq"]]
version = "1.8.0"
backend = "aqua:x-motemen/ghq"

[[tools.bun]]
version = "1.3.0"
backend = "core:bun"

[tools.bun.platforms.linux-x64]
checksum = "blake3:fa75018494a4add8c86fa10a5507a6c17aaa513aaea366e77ae1c6df84c7cb40"
size = 39506212

[[tools."cargo:eza"]]
version = "0.23.4"
backend = "cargo:eza"

[[tools.deno]]
version = "2.5.4"
backend = "core:deno"

[tools.deno.platforms.linux-x64]
checksum = "blake3:6b440f14aa00e02a213d5e8e5235dcd65598d54fe8612852aa61f68b02632cc9"
size = 45663234

[[tools."github:neovim/neovim"]]
version = "nightly"
backend = "github:neovim/neovim"

[[tools.go]]
version = "1.25.3"
backend = "core:go"

[tools.go.platforms.linux-x64]
checksum = "sha256:0335f314b6e7bfe08c3d0cfaa7c19db961b7b99fb20be62b0a826c992ad14e0f"
size = 59767979
url = "https://dl.google.com/go/go1.25.3.linux-amd64.tar.gz"

[[tools."go:github.com/babarot/gomi"]]
version = "1.6.1"
backend = "go:github.com/babarot/gomi"

[[tools.node]]
version = "22.21.0"
backend = "core:node"

[tools.node.platforms.linux-x64]
checksum = "sha256:262b84b02f7e2bc017d4bdb81fec85ca0d6190a5cd0781d2d6e84317c08871f8"
size = 56658152
url = "https://nodejs.org/dist/v22.21.0/node-v22.21.0-linux-x64.tar.gz"

[[tools."npm:markdownlint-cli2"]]
version = "0.18.1"
backend = "npm:markdownlint-cli2"

[[tools."npm:mcp-hub"]]
version = "4.2.1"
backend = "npm:mcp-hub"

[[tools.rust]]
version = "1.90.0"
backend = "core:rust"
